
Microsoft Visual Studio Solution File, Format Version 12.00
# Visual Studio 15
VisualStudioVersion = 15.0.27428.2005
MinimumVisualStudioVersion = 10.0.40219.1
Project("{8BC9CEB8-8B4A-11D0-8D11-00A0C91BC942}") = "Assignment1", "Assignment1.vcxproj", "{1C479AF6-86F5-4B78-83F4-16E9AA3BC1AE}"
EndProject
Project("{8BC9CEB8-8B4A-11D0-8D11-00A0C91BC942}") = "Assignment2", "..\Assignment2\Assignment2.vcxproj", "{06019D8E-1D35-40F6-99BE-C4B6C77B459A}"
EndProject
Global
	GlobalSection(SolutionConfigurationPlatforms) = preSolution
		Debug|x64 = Debug|x64
		Debug|x86 = Debug|x86
		Release|x64 = Release|x64
		Release|x86 = Release|x86
	EndGlobalSection
	GlobalSection(ProjectConfigurationPlatforms) = postSolution
		{1C479AF6-86F5-4B78-83F4-16E9AA3BC1AE}.Debug|x64.ActiveCfg = Debug|x64
		{1C479AF6-86F5-4B78-83F4-16E9AA3BC1AE}.Debug|x64.Build.0 = Debug|x64
		{1C479AF6-86F5-4B78-83F4-16E9AA3BC1AE}.Debug|x86.ActiveCfg = Debug|Win32
		{1C479AF6-86F5-4B78-83F4-16E9AA3BC1AE}.Debug|x86.Build.0 = Debug|Win32
		{1C479AF6-86F5-4B78-83F4-16E9AA3BC1AE}.Release|x64.ActiveCfg = Release|x64
		{1C479AF6-86F5-4B78-83F4-16E9AA3BC1AE}.Release|x64.Build.0 = Release|x64
		{1C479AF6-86F5-4B78-83F4-16E9AA3BC1AE}.Release|x86.ActiveCfg = Release|Win32
		{1C479AF6-86F5-4B78-83F4-16E9AA3BC1AE}.Release|x86.Build.0 = Release|Win32
		{06019D8E-1D35-40F6-99BE-C4B6C77B459A}.Debug|x64.ActiveCfg = Debug|x64
		{06019D8E-1D35-40F6-99BE-C4B6C77B459A}.Debug|x64.Build.0 = Debug|x64
		{06019D8E-1D35-40F6-99BE-C4B6C77B459A}.Debug|x86.ActiveCfg = Debug|Win32
		{06019D8E-1D35-40F6-99BE-C4B6C77B459A}.Debug|x86.Build.0 = Debug|Win32
		{06019D8E-1D35-40F6-99BE-C4B6C77B459A}.Release|x64.ActiveCfg = Release|x64
		{06019D8E-1D35-40F6-99BE-C4B6C77B459A}.Release|x64.Build.0 = Release|x64
		{06019D8E-1D35-40F6-99BE-C4B6C77B459A}.Release|x86.ActiveCfg = Release|Win32
		{06019D8E-1D35-40F6-99BE-C4B6C77B459A}.Release|x86.Build.0 = Release|Win32
	EndGlobalSection
	GlobalSection(SolutionProperties) = preSolution
		HideSolutionNode = FALSE
	EndGlobalSection
	GlobalSection(ExtensibilityGlobals) = postSolution
		SolutionGuid = {73070617-FCEC-4C35-9DC0-EA8F42E565D4}
	EndGlobalSection
EndGlobal
